
Microsoft Visual Studio Solution File, Format Version 12.00
# Visual Studio Version 17
VisualStudioVersion = 17.7.34202.233
MinimumVisualStudioVersion = 10.0.40219.1
Project("{FAE04EC0-301F-11D3-BF4B-00C04F79EFBC}") = "practica hello mundo", "practica hello mundo.csproj", "{B5E633FC-8905-4914-8185-EB01F3BCD8E8}"
EndProject
Global
	GlobalSection(SolutionConfigurationPlatforms) = preSolution
		Debug|Any CPU = Debug|Any CPU
		Release|Any CPU = Release|Any CPU
	EndGlobalSection
	GlobalSection(ProjectConfigurationPlatforms) = postSolution
		{B5E633FC-8905-4914-8185-EB01F3BCD8E8}.Debug|Any CPU.ActiveCfg = Debug|Any CPU
		{B5E633FC-8905-4914-8185-EB01F3BCD8E8}.Debug|Any CPU.Build.0 = Debug|Any CPU
		{B5E633FC-8905-4914-8185-EB01F3BCD8E8}.Release|Any CPU.ActiveCfg = Release|Any CPU
		{B5E633FC-8905-4914-8185-EB01F3BCD8E8}.Release|Any CPU.Build.0 = Release|Any CPU
	EndGlobalSection
	GlobalSection(SolutionProperties) = preSolution
		HideSolutionNode = FALSE
	EndGlobalSection
	GlobalSection(ExtensibilityGlobals) = postSolution
		SolutionGuid = {BCCDFCA2-E967-4884-B55F-AA105CCDB39F}
	EndGlobalSection
EndGlobal
